// !$*UTF8*$!
{
	archiveVersion = 1;
	classes = {
	};
	objectVersion = 46;
	objects = {

/* Begin PBXBuildFile section */
		0D7DEEAED721410F9B6D80F2 /* libPods-OmazingTests.a in Frameworks */ = {isa = PBXBuildFile; fileRef = A81F9D05135643EFA40C785A /* libPods-OmazingTests.a */; };
		54047898E9C34CCB9F51F2F0 /* libPods.a in Frameworks */ = {isa = PBXBuildFile; fileRef = 01053E3FDBFB4D5793F14609 /* libPods.a */; };
		C3267D3315D90FFD00DF1923 /* Localizable.strings in Resources */ = {isa = PBXBuildFile; fileRef = C3267D3115D90FFD00DF1923 /* Localizable.strings */; };
		C3267D4915D9146000DF1923 /* NSBundle+OmazingTests.m in Sources */ = {isa = PBXBuildFile; fileRef = C3267D4815D9146000DF1923 /* NSBundle+OmazingTests.m */; };
		C3438CA315D385A900434683 /* NSBundle+Omazing.h in Headers */ = {isa = PBXBuildFile; fileRef = C3438CA115D385A900434683 /* NSBundle+Omazing.h */; };
		C3438CA415D385A900434683 /* NSBundle+Omazing.m in Sources */ = {isa = PBXBuildFile; fileRef = C3438CA215D385A900434683 /* NSBundle+Omazing.m */; };
		C3438CBC15D3870400434683 /* NSArray+OmazingTests.m in Sources */ = {isa = PBXBuildFile; fileRef = C3438CBB15D3870400434683 /* NSArray+OmazingTests.m */; };
		C3438CBE15D38A6600434683 /* NSString+OmazingTests.m in Sources */ = {isa = PBXBuildFile; fileRef = C3438CBD15D38A6600434683 /* NSString+OmazingTests.m */; };
		C3438CDD15D4050E00434683 /* NSURL+OmazingTests.m in Sources */ = {isa = PBXBuildFile; fileRef = C3438CDC15D4050E00434683 /* NSURL+OmazingTests.m */; };
		C35ADDAC1551095F005A0F49 /* NSURL+Omazing.h in Headers */ = {isa = PBXBuildFile; fileRef = C35ADDAA1551095F005A0F49 /* NSURL+Omazing.h */; };
		C35ADDAD1551095F005A0F49 /* NSURL+Omazing.m in Sources */ = {isa = PBXBuildFile; fileRef = C35ADDAB1551095F005A0F49 /* NSURL+Omazing.m */; };
		C37AE5641560EE6700A8943A /* OMZUtils.h in Headers */ = {isa = PBXBuildFile; fileRef = C37AE5621560EE6700A8943A /* OMZUtils.h */; };
		C37AE5651560EE6700A8943A /* OMZUtils.m in Sources */ = {isa = PBXBuildFile; fileRef = C37AE5631560EE6700A8943A /* OMZUtils.m */; };
		C37B4090153A871D00AF4AFE /* NSString+Omazing.h in Headers */ = {isa = PBXBuildFile; fileRef = C37B408E153A871D00AF4AFE /* NSString+Omazing.h */; };
		C37B4091153A871D00AF4AFE /* NSString+Omazing.m in Sources */ = {isa = PBXBuildFile; fileRef = C37B408F153A871D00AF4AFE /* NSString+Omazing.m */; };
		C38BEDC6154BCC1A00076443 /* NSError+Omazing.h in Headers */ = {isa = PBXBuildFile; fileRef = C38BEDC4154BCC1A00076443 /* NSError+Omazing.h */; };
		C38BEDC7154BCC1A00076443 /* NSError+Omazing.m in Sources */ = {isa = PBXBuildFile; fileRef = C38BEDC5154BCC1A00076443 /* NSError+Omazing.m */; };
		C38C2AB815373F2F00424A0D /* Cocoa.framework in Frameworks */ = {isa = PBXBuildFile; fileRef = C38C2AB715373F2F00424A0D /* Cocoa.framework */; };
		C38C2AC215373F2F00424A0D /* InfoPlist.strings in Resources */ = {isa = PBXBuildFile; fileRef = C38C2AC015373F2F00424A0D /* InfoPlist.strings */; };
		C38C2AC615373F2F00424A0D /* Omazing.m in Sources */ = {isa = PBXBuildFile; fileRef = C38C2AC515373F2F00424A0D /* Omazing.m */; };
		C38C2ACE15373F2F00424A0D /* SenTestingKit.framework in Frameworks */ = {isa = PBXBuildFile; fileRef = C38C2ACD15373F2F00424A0D /* SenTestingKit.framework */; };
		C38C2ACF15373F2F00424A0D /* Cocoa.framework in Frameworks */ = {isa = PBXBuildFile; fileRef = C38C2AB715373F2F00424A0D /* Cocoa.framework */; };
		C38C2AD215373F2F00424A0D /* Omazing.framework in Frameworks */ = {isa = PBXBuildFile; fileRef = C38C2AB415373F2F00424A0D /* Omazing.framework */; };
		C38C2AD815373F2F00424A0D /* InfoPlist.strings in Resources */ = {isa = PBXBuildFile; fileRef = C38C2AD615373F2F00424A0D /* InfoPlist.strings */; };
		C38C2AEC1537416C00424A0D /* NSArray+Omazing.h in Headers */ = {isa = PBXBuildFile; fileRef = C38C2AEA1537416C00424A0D /* NSArray+Omazing.h */; };
		C38C2AED1537416C00424A0D /* NSArray+Omazing.m in Sources */ = {isa = PBXBuildFile; fileRef = C38C2AEB1537416C00424A0D /* NSArray+Omazing.m */; };
		C3CBB3A2161F16460040E3E8 /* NSData+Omazing.h in Headers */ = {isa = PBXBuildFile; fileRef = C3CBB3A0161F16460040E3E8 /* NSData+Omazing.h */; };
		C3CBB3A3161F16460040E3E8 /* NSData+Omazing.m in Sources */ = {isa = PBXBuildFile; fileRef = C3CBB3A1161F16460040E3E8 /* NSData+Omazing.m */; };
		C3E91DF215D95DB50001A8EB /* Localizable.en.strings in Copy "fakebrand" Files */ = {isa = PBXBuildFile; fileRef = C3E91DED15D95B6D0001A8EB /* Localizable.en.strings */; };
		C3E91DF715D969660001A8EB /* Localizable.en.strings in Resources */ = {isa = PBXBuildFile; fileRef = C3E91DF615D969660001A8EB /* Localizable.en.strings */; };
		C3E91DF915D96AA40001A8EB /* Localizable.en.strings in Copy Default Brand Files */ = {isa = PBXBuildFile; fileRef = C3E91DF615D969660001A8EB /* Localizable.en.strings */; };
		C3FCF70E160E20BF008AB2F0 /* NSThread+Omazing.h in Headers */ = {isa = PBXBuildFile; fileRef = C3FCF70C160E20BF008AB2F0 /* NSThread+Omazing.h */; };
		C3FCF70F160E20BF008AB2F0 /* NSThread+Omazing.m in Sources */ = {isa = PBXBuildFile; fileRef = C3FCF70D160E20BF008AB2F0 /* NSThread+Omazing.m */; };
		C3FCF715160EBC62008AB2F0 /* NSThread+OmazingTests.m in Sources */ = {isa = PBXBuildFile; fileRef = C3FCF714160EBC62008AB2F0 /* NSThread+OmazingTests.m */; };
/* End PBXBuildFile section */

/* Begin PBXContainerItemProxy section */
		C38C2AD015373F2F00424A0D /* PBXContainerItemProxy */ = {
			isa = PBXContainerItemProxy;
			containerPortal = C38C2AAA15373F2F00424A0D /* Project object */;
			proxyType = 1;
			remoteGlobalIDString = C38C2AB315373F2F00424A0D;
			remoteInfo = Omazing;
		};
/* End PBXContainerItemProxy section */

/* Begin PBXCopyFilesBuildPhase section */
		C3E91DF115D95D730001A8EB /* Copy "fakebrand" Files */ = {
			isa = PBXCopyFilesBuildPhase;
			buildActionMask = 2147483647;
			dstPath = brand/fakebrand;
			dstSubfolderSpec = 7;
			files = (
				C3E91DF215D95DB50001A8EB /* Localizable.en.strings in Copy "fakebrand" Files */,
			);
			name = "Copy \"fakebrand\" Files";
			runOnlyForDeploymentPostprocessing = 0;
		};
		C3E91DF815D96A460001A8EB /* Copy Default Brand Files */ = {
			isa = PBXCopyFilesBuildPhase;
			buildActionMask = 2147483647;
			dstPath = brand/_default;
			dstSubfolderSpec = 7;
			files = (
				C3E91DF915D96AA40001A8EB /* Localizable.en.strings in Copy Default Brand Files */,
			);
			name = "Copy Default Brand Files";
			runOnlyForDeploymentPostprocessing = 0;
		};
/* End PBXCopyFilesBuildPhase section */

/* Begin PBXFileReference section */
		01053E3FDBFB4D5793F14609 /* libPods.a */ = {isa = PBXFileReference; explicitFileType = archive.ar; includeInIndex = 0; path = libPods.a; sourceTree = BUILT_PRODUCTS_DIR; };
		7BF8A5090E1248EDAF494D63 /* Pods-OmazingTests.xcconfig */ = {isa = PBXFileReference; includeInIndex = 1; lastKnownFileType = text.xcconfig; name = "Pods-OmazingTests.xcconfig"; path = "Pods/Pods-OmazingTests.xcconfig"; sourceTree = SOURCE_ROOT; };
		99FFF18D745E4EB9BF606919 /* Pods.xcconfig */ = {isa = PBXFileReference; includeInIndex = 1; lastKnownFileType = text.xcconfig; name = Pods.xcconfig; path = Pods/Pods.xcconfig; sourceTree = SOURCE_ROOT; };
		A81F9D05135643EFA40C785A /* libPods-OmazingTests.a */ = {isa = PBXFileReference; explicitFileType = archive.ar; includeInIndex = 0; path = "libPods-OmazingTests.a"; sourceTree = BUILT_PRODUCTS_DIR; };
		C3267D3215D90FFD00DF1923 /* en */ = {isa = PBXFileReference; lastKnownFileType = text.plist.strings; name = en; path = en.lproj/Localizable.strings; sourceTree = "<group>"; };
		C3267D4815D9146000DF1923 /* NSBundle+OmazingTests.m */ = {isa = PBXFileReference; fileEncoding = 4; lastKnownFileType = sourcecode.c.objc; path = "NSBundle+OmazingTests.m"; sourceTree = "<group>"; };
		C3438CA115D385A900434683 /* NSBundle+Omazing.h */ = {isa = PBXFileReference; fileEncoding = 4; lastKnownFileType = sourcecode.c.h; path = "NSBundle+Omazing.h"; sourceTree = "<group>"; };
		C3438CA215D385A900434683 /* NSBundle+Omazing.m */ = {isa = PBXFileReference; fileEncoding = 4; lastKnownFileType = sourcecode.c.objc; path = "NSBundle+Omazing.m"; sourceTree = "<group>"; };
		C3438CBB15D3870400434683 /* NSArray+OmazingTests.m */ = {isa = PBXFileReference; fileEncoding = 4; lastKnownFileType = sourcecode.c.objc; path = "NSArray+OmazingTests.m"; sourceTree = "<group>"; };
		C3438CBD15D38A6600434683 /* NSString+OmazingTests.m */ = {isa = PBXFileReference; fileEncoding = 4; lastKnownFileType = sourcecode.c.objc; path = "NSString+OmazingTests.m"; sourceTree = "<group>"; };
		C3438CDC15D4050E00434683 /* NSURL+OmazingTests.m */ = {isa = PBXFileReference; fileEncoding = 4; lastKnownFileType = sourcecode.c.objc; path = "NSURL+OmazingTests.m"; sourceTree = "<group>"; };
		C35ADDAA1551095F005A0F49 /* NSURL+Omazing.h */ = {isa = PBXFileReference; fileEncoding = 4; lastKnownFileType = sourcecode.c.h; path = "NSURL+Omazing.h"; sourceTree = "<group>"; };
		C35ADDAB1551095F005A0F49 /* NSURL+Omazing.m */ = {isa = PBXFileReference; fileEncoding = 4; lastKnownFileType = sourcecode.c.objc; path = "NSURL+Omazing.m"; sourceTree = "<group>"; };
		C37AE5621560EE6700A8943A /* OMZUtils.h */ = {isa = PBXFileReference; fileEncoding = 4; lastKnownFileType = sourcecode.c.h; path = OMZUtils.h; sourceTree = "<group>"; };
		C37AE5631560EE6700A8943A /* OMZUtils.m */ = {isa = PBXFileReference; fileEncoding = 4; lastKnownFileType = sourcecode.c.objc; path = OMZUtils.m; sourceTree = "<group>"; };
		C37B408E153A871D00AF4AFE /* NSString+Omazing.h */ = {isa = PBXFileReference; fileEncoding = 4; lastKnownFileType = sourcecode.c.h; path = "NSString+Omazing.h"; sourceTree = "<group>"; };
		C37B408F153A871D00AF4AFE /* NSString+Omazing.m */ = {isa = PBXFileReference; fileEncoding = 4; lastKnownFileType = sourcecode.c.objc; path = "NSString+Omazing.m"; sourceTree = "<group>"; };
		C38BEDC4154BCC1A00076443 /* NSError+Omazing.h */ = {isa = PBXFileReference; fileEncoding = 4; lastKnownFileType = sourcecode.c.h; path = "NSError+Omazing.h"; sourceTree = "<group>"; };
		C38BEDC5154BCC1A00076443 /* NSError+Omazing.m */ = {isa = PBXFileReference; fileEncoding = 4; lastKnownFileType = sourcecode.c.objc; path = "NSError+Omazing.m"; sourceTree = "<group>"; };
		C38C2AB415373F2F00424A0D /* Omazing.framework */ = {isa = PBXFileReference; explicitFileType = wrapper.framework; includeInIndex = 0; path = Omazing.framework; sourceTree = BUILT_PRODUCTS_DIR; };
		C38C2AB715373F2F00424A0D /* Cocoa.framework */ = {isa = PBXFileReference; includeInIndex = 1; lastKnownFileType = wrapper.framework; name = Cocoa.framework; path = System/Library/Frameworks/Cocoa.framework; sourceTree = SDKROOT; };
		C38C2ABA15373F2F00424A0D /* AppKit.framework */ = {isa = PBXFileReference; lastKnownFileType = wrapper.framework; name = AppKit.framework; path = System/Library/Frameworks/AppKit.framework; sourceTree = SDKROOT; };
		C38C2ABB15373F2F00424A0D /* CoreData.framework */ = {isa = PBXFileReference; lastKnownFileType = wrapper.framework; name = CoreData.framework; path = System/Library/Frameworks/CoreData.framework; sourceTree = SDKROOT; };
		C38C2ABC15373F2F00424A0D /* Foundation.framework */ = {isa = PBXFileReference; lastKnownFileType = wrapper.framework; name = Foundation.framework; path = System/Library/Frameworks/Foundation.framework; sourceTree = SDKROOT; };
		C38C2ABF15373F2F00424A0D /* Omazing-Info.plist */ = {isa = PBXFileReference; lastKnownFileType = text.plist.xml; path = "Omazing-Info.plist"; sourceTree = "<group>"; };
		C38C2AC115373F2F00424A0D /* en */ = {isa = PBXFileReference; lastKnownFileType = text.plist.strings; name = en; path = en.lproj/InfoPlist.strings; sourceTree = "<group>"; };
		C38C2AC315373F2F00424A0D /* Omazing-Prefix.pch */ = {isa = PBXFileReference; lastKnownFileType = sourcecode.c.h; path = "Omazing-Prefix.pch"; sourceTree = "<group>"; };
		C38C2AC415373F2F00424A0D /* Omazing.h */ = {isa = PBXFileReference; lastKnownFileType = sourcecode.c.h; path = Omazing.h; sourceTree = "<group>"; };
		C38C2AC515373F2F00424A0D /* Omazing.m */ = {isa = PBXFileReference; lastKnownFileType = sourcecode.c.objc; path = Omazing.m; sourceTree = "<group>"; };
		C38C2ACC15373F2F00424A0D /* OmazingTests.octest */ = {isa = PBXFileReference; explicitFileType = wrapper.cfbundle; includeInIndex = 0; path = OmazingTests.octest; sourceTree = BUILT_PRODUCTS_DIR; };
		C38C2ACD15373F2F00424A0D /* SenTestingKit.framework */ = {isa = PBXFileReference; includeInIndex = 1; lastKnownFileType = wrapper.framework; name = SenTestingKit.framework; path = Library/Frameworks/SenTestingKit.framework; sourceTree = DEVELOPER_DIR; };
		C38C2AD515373F2F00424A0D /* OmazingTests-Info.plist */ = {isa = PBXFileReference; lastKnownFileType = text.plist.xml; path = "OmazingTests-Info.plist"; sourceTree = "<group>"; };
		C38C2AD715373F2F00424A0D /* en */ = {isa = PBXFileReference; lastKnownFileType = text.plist.strings; name = en; path = en.lproj/InfoPlist.strings; sourceTree = "<group>"; };
		C38C2AEA1537416C00424A0D /* NSArray+Omazing.h */ = {isa = PBXFileReference; fileEncoding = 4; lastKnownFileType = sourcecode.c.h; path = "NSArray+Omazing.h"; sourceTree = "<group>"; };
		C38C2AEB1537416C00424A0D /* NSArray+Omazing.m */ = {isa = PBXFileReference; fileEncoding = 4; lastKnownFileType = sourcecode.c.objc; path = "NSArray+Omazing.m"; sourceTree = "<group>"; };
		C3CBB3A0161F16460040E3E8 /* NSData+Omazing.h */ = {isa = PBXFileReference; fileEncoding = 4; lastKnownFileType = sourcecode.c.h; path = "NSData+Omazing.h"; sourceTree = "<group>"; };
		C3CBB3A1161F16460040E3E8 /* NSData+Omazing.m */ = {isa = PBXFileReference; fileEncoding = 4; lastKnownFileType = sourcecode.c.objc; path = "NSData+Omazing.m"; sourceTree = "<group>"; };
		C3E91DED15D95B6D0001A8EB /* Localizable.en.strings */ = {isa = PBXFileReference; fileEncoding = 4; lastKnownFileType = text.plist.strings; path = Localizable.en.strings; sourceTree = "<group>"; };
		C3E91DF615D969660001A8EB /* Localizable.en.strings */ = {isa = PBXFileReference; fileEncoding = 4; lastKnownFileType = text.plist.strings; path = Localizable.en.strings; sourceTree = "<group>"; };
		C3FCF70C160E20BF008AB2F0 /* NSThread+Omazing.h */ = {isa = PBXFileReference; fileEncoding = 4; lastKnownFileType = sourcecode.c.h; path = "NSThread+Omazing.h"; sourceTree = "<group>"; };
		C3FCF70D160E20BF008AB2F0 /* NSThread+Omazing.m */ = {isa = PBXFileReference; fileEncoding = 4; lastKnownFileType = sourcecode.c.objc; path = "NSThread+Omazing.m"; sourceTree = "<group>"; };
		C3FCF714160EBC62008AB2F0 /* NSThread+OmazingTests.m */ = {isa = PBXFileReference; fileEncoding = 4; lastKnownFileType = sourcecode.c.objc; path = "NSThread+OmazingTests.m"; sourceTree = "<group>"; };
/* End PBXFileReference section */

/* Begin PBXFrameworksBuildPhase section */
		C38C2AB015373F2F00424A0D /* Frameworks */ = {
			isa = PBXFrameworksBuildPhase;
			buildActionMask = 2147483647;
			files = (
				C38C2AB815373F2F00424A0D /* Cocoa.framework in Frameworks */,
				54047898E9C34CCB9F51F2F0 /* libPods.a in Frameworks */,
			);
			runOnlyForDeploymentPostprocessing = 0;
		};
		C38C2AC815373F2F00424A0D /* Frameworks */ = {
			isa = PBXFrameworksBuildPhase;
			buildActionMask = 2147483647;
			files = (
				C38C2ACE15373F2F00424A0D /* SenTestingKit.framework in Frameworks */,
				C38C2ACF15373F2F00424A0D /* Cocoa.framework in Frameworks */,
				C38C2AD215373F2F00424A0D /* Omazing.framework in Frameworks */,
				0D7DEEAED721410F9B6D80F2 /* libPods-OmazingTests.a in Frameworks */,
			);
			runOnlyForDeploymentPostprocessing = 0;
		};
/* End PBXFrameworksBuildPhase section */

/* Begin PBXGroup section */
		C38C2AA815373F2F00424A0D = {
			isa = PBXGroup;
			children = (
				C38C2ABD15373F2F00424A0D /* Omazing */,
				C38C2AD315373F2F00424A0D /* OmazingTests */,
				C38C2AB615373F2F00424A0D /* Frameworks */,
				C38C2AB515373F2F00424A0D /* Products */,
				7BF8A5090E1248EDAF494D63 /* Pods-OmazingTests.xcconfig */,
				99FFF18D745E4EB9BF606919 /* Pods.xcconfig */,
			);
			sourceTree = "<group>";
		};
		C38C2AB515373F2F00424A0D /* Products */ = {
			isa = PBXGroup;
			children = (
				C38C2AB415373F2F00424A0D /* Omazing.framework */,
				C38C2ACC15373F2F00424A0D /* OmazingTests.octest */,
			);
			name = Products;
			sourceTree = "<group>";
		};
		C38C2AB615373F2F00424A0D /* Frameworks */ = {
			isa = PBXGroup;
			children = (
				C38C2AB715373F2F00424A0D /* Cocoa.framework */,
				C38C2ACD15373F2F00424A0D /* SenTestingKit.framework */,
				C38C2AB915373F2F00424A0D /* Other Frameworks */,
				A81F9D05135643EFA40C785A /* libPods-OmazingTests.a */,
				01053E3FDBFB4D5793F14609 /* libPods.a */,
			);
			name = Frameworks;
			sourceTree = "<group>";
		};
		C38C2AB915373F2F00424A0D /* Other Frameworks */ = {
			isa = PBXGroup;
			children = (
				C38C2ABA15373F2F00424A0D /* AppKit.framework */,
				C38C2ABB15373F2F00424A0D /* CoreData.framework */,
				C38C2ABC15373F2F00424A0D /* Foundation.framework */,
			);
			name = "Other Frameworks";
			sourceTree = "<group>";
		};
		C38C2ABD15373F2F00424A0D /* Omazing */ = {
			isa = PBXGroup;
			children = (
				C38C2AEA1537416C00424A0D /* NSArray+Omazing.h */,
				C38C2AEB1537416C00424A0D /* NSArray+Omazing.m */,
				C3CBB3A0161F16460040E3E8 /* NSData+Omazing.h */,
				C3CBB3A1161F16460040E3E8 /* NSData+Omazing.m */,
				C38BEDC4154BCC1A00076443 /* NSError+Omazing.h */,
				C38BEDC5154BCC1A00076443 /* NSError+Omazing.m */,
				C37B408E153A871D00AF4AFE /* NSString+Omazing.h */,
				C37B408F153A871D00AF4AFE /* NSString+Omazing.m */,
				C35ADDAA1551095F005A0F49 /* NSURL+Omazing.h */,
				C35ADDAB1551095F005A0F49 /* NSURL+Omazing.m */,
				C3438CA115D385A900434683 /* NSBundle+Omazing.h */,
				C3438CA215D385A900434683 /* NSBundle+Omazing.m */,
				C3FCF70C160E20BF008AB2F0 /* NSThread+Omazing.h */,
				C3FCF70D160E20BF008AB2F0 /* NSThread+Omazing.m */,
				C38C2AC415373F2F00424A0D /* Omazing.h */,
				C38C2AC515373F2F00424A0D /* Omazing.m */,
				C37AE5621560EE6700A8943A /* OMZUtils.h */,
				C37AE5631560EE6700A8943A /* OMZUtils.m */,
				C38C2ABE15373F2F00424A0D /* Supporting Files */,
			);
			path = Omazing;
			sourceTree = "<group>";
		};
		C38C2ABE15373F2F00424A0D /* Supporting Files */ = {
			isa = PBXGroup;
			children = (
				C38C2ABF15373F2F00424A0D /* Omazing-Info.plist */,
				C38C2AC015373F2F00424A0D /* InfoPlist.strings */,
				C38C2AC315373F2F00424A0D /* Omazing-Prefix.pch */,
			);
			name = "Supporting Files";
			sourceTree = "<group>";
		};
		C38C2AD315373F2F00424A0D /* OmazingTests */ = {
			isa = PBXGroup;
			children = (
				C3E91DEB15D95B6D0001A8EB /* brand */,
				C3438CBB15D3870400434683 /* NSArray+OmazingTests.m */,
				C3438CBD15D38A6600434683 /* NSString+OmazingTests.m */,
				C3438CDC15D4050E00434683 /* NSURL+OmazingTests.m */,
				C3267D4815D9146000DF1923 /* NSBundle+OmazingTests.m */,
				C3FCF714160EBC62008AB2F0 /* NSThread+OmazingTests.m */,
				C38C2AD415373F2F00424A0D /* Supporting Files */,
				C3267D3115D90FFD00DF1923 /* Localizable.strings */,
			);
			path = OmazingTests;
			sourceTree = "<group>";
		};
		C38C2AD415373F2F00424A0D /* Supporting Files */ = {
			isa = PBXGroup;
			children = (
				C38C2AD515373F2F00424A0D /* OmazingTests-Info.plist */,
				C38C2AD615373F2F00424A0D /* InfoPlist.strings */,
			);
			name = "Supporting Files";
			sourceTree = "<group>";
		};
		C3E91DEB15D95B6D0001A8EB /* brand */ = {
			isa = PBXGroup;
			children = (
				C3E91DF515D969660001A8EB /* _default */,
				C3E91DEC15D95B6D0001A8EB /* fakebrand */,
			);
			path = brand;
			sourceTree = "<group>";
		};
		C3E91DEC15D95B6D0001A8EB /* fakebrand */ = {
			isa = PBXGroup;
			children = (
				C3E91DED15D95B6D0001A8EB /* Localizable.en.strings */,
			);
			path = fakebrand;
			sourceTree = "<group>";
		};
		C3E91DF515D969660001A8EB /* _default */ = {
			isa = PBXGroup;
			children = (
				C3E91DF615D969660001A8EB /* Localizable.en.strings */,
			);
			path = _default;
			sourceTree = "<group>";
		};
/* End PBXGroup section */

/* Begin PBXHeadersBuildPhase section */
		C38C2AB115373F2F00424A0D /* Headers */ = {
			isa = PBXHeadersBuildPhase;
			buildActionMask = 2147483647;
			files = (
				C38C2AEC1537416C00424A0D /* NSArray+Omazing.h in Headers */,
				C37B4090153A871D00AF4AFE /* NSString+Omazing.h in Headers */,
				C38BEDC6154BCC1A00076443 /* NSError+Omazing.h in Headers */,
				C35ADDAC1551095F005A0F49 /* NSURL+Omazing.h in Headers */,
				C37AE5641560EE6700A8943A /* OMZUtils.h in Headers */,
				C3438CA315D385A900434683 /* NSBundle+Omazing.h in Headers */,
				C3FCF70E160E20BF008AB2F0 /* NSThread+Omazing.h in Headers */,
				C3CBB3A2161F16460040E3E8 /* NSData+Omazing.h in Headers */,
			);
			runOnlyForDeploymentPostprocessing = 0;
		};
/* End PBXHeadersBuildPhase section */

/* Begin PBXNativeTarget section */
		C38C2AB315373F2F00424A0D /* Omazing */ = {
			isa = PBXNativeTarget;
			buildConfigurationList = C38C2ADE15373F2F00424A0D /* Build configuration list for PBXNativeTarget "Omazing" */;
			buildPhases = (
				C38C2AAF15373F2F00424A0D /* Sources */,
				C38C2AB015373F2F00424A0D /* Frameworks */,
				C38C2AB115373F2F00424A0D /* Headers */,
				C38C2AB215373F2F00424A0D /* Resources */,
				42314CDDFDB945FB9FCB6300 /* Copy Pods Resources */,
			);
			buildRules = (
			);
			dependencies = (
			);
			name = Omazing;
			productName = Omazing;
			productReference = C38C2AB415373F2F00424A0D /* Omazing.framework */;
			productType = "com.apple.product-type.framework";
		};
		C38C2ACB15373F2F00424A0D /* OmazingTests */ = {
			isa = PBXNativeTarget;
			buildConfigurationList = C38C2AE115373F2F00424A0D /* Build configuration list for PBXNativeTarget "OmazingTests" */;
			buildPhases = (
				C38C2AC715373F2F00424A0D /* Sources */,
				C38C2AC815373F2F00424A0D /* Frameworks */,
				C38C2AC915373F2F00424A0D /* Resources */,
				C38C2ACA15373F2F00424A0D /* ShellScript */,
				F6487DF6D2DD4A10BFACA5DA /* Copy Pods Resources */,
				C3E91DF815D96A460001A8EB /* Copy Default Brand Files */,
				C3E91DF115D95D730001A8EB /* Copy "fakebrand" Files */,
			);
			buildRules = (
			);
			dependencies = (
				C38C2AD115373F2F00424A0D /* PBXTargetDependency */,
			);
			name = OmazingTests;
			productName = OmazingTests;
			productReference = C38C2ACC15373F2F00424A0D /* OmazingTests.octest */;
			productType = "com.apple.product-type.bundle";
		};
/* End PBXNativeTarget section */

/* Begin PBXProject section */
		C38C2AAA15373F2F00424A0D /* Project object */ = {
			isa = PBXProject;
			attributes = {
				LastUpgradeCheck = 0450;
				ORGANIZATIONNAME = github.com/yzlin;
			};
			buildConfigurationList = C38C2AAD15373F2F00424A0D /* Build configuration list for PBXProject "Omazing" */;
			compatibilityVersion = "Xcode 3.2";
			developmentRegion = English;
			hasScannedForEncodings = 0;
			knownRegions = (
				en,
			);
			mainGroup = C38C2AA815373F2F00424A0D;
			productRefGroup = C38C2AB515373F2F00424A0D /* Products */;
			projectDirPath = "";
			projectRoot = "";
			targets = (
				C38C2AB315373F2F00424A0D /* Omazing */,
				C38C2ACB15373F2F00424A0D /* OmazingTests */,
			);
		};
/* End PBXProject section */

/* Begin PBXResourcesBuildPhase section */
		C38C2AB215373F2F00424A0D /* Resources */ = {
			isa = PBXResourcesBuildPhase;
			buildActionMask = 2147483647;
			files = (
				C38C2AC215373F2F00424A0D /* InfoPlist.strings in Resources */,
			);
			runOnlyForDeploymentPostprocessing = 0;
		};
		C38C2AC915373F2F00424A0D /* Resources */ = {
			isa = PBXResourcesBuildPhase;
			buildActionMask = 2147483647;
			files = (
				C38C2AD815373F2F00424A0D /* InfoPlist.strings in Resources */,
				C3267D3315D90FFD00DF1923 /* Localizable.strings in Resources */,
				C3E91DF715D969660001A8EB /* Localizable.en.strings in Resources */,
			);
			runOnlyForDeploymentPostprocessing = 0;
		};
/* End PBXResourcesBuildPhase section */

/* Begin PBXShellScriptBuildPhase section */
		42314CDDFDB945FB9FCB6300 /* Copy Pods Resources */ = {
			isa = PBXShellScriptBuildPhase;
			buildActionMask = 2147483647;
			files = (
			);
			inputPaths = (
			);
			name = "Copy Pods Resources";
			outputPaths = (
			);
			runOnlyForDeploymentPostprocessing = 0;
			shellPath = /bin/sh;
			shellScript = "\"${SRCROOT}/Pods/Pods-resources.sh\"\n";
		};
		C38C2ACA15373F2F00424A0D /* ShellScript */ = {
			isa = PBXShellScriptBuildPhase;
			buildActionMask = 2147483647;
			files = (
			);
			inputPaths = (
			);
			outputPaths = (
			);
			runOnlyForDeploymentPostprocessing = 0;
			shellPath = /bin/sh;
			shellScript = "# Run the unit tests in this test bundle.\n\"${SYSTEM_DEVELOPER_DIR}/Tools/RunUnitTests\"\n";
		};
		F6487DF6D2DD4A10BFACA5DA /* Copy Pods Resources */ = {
			isa = PBXShellScriptBuildPhase;
			buildActionMask = 2147483647;
			files = (
			);
			inputPaths = (
			);
			name = "Copy Pods Resources";
			outputPaths = (
			);
			runOnlyForDeploymentPostprocessing = 0;
			shellPath = /bin/sh;
			shellScript = "\"${SRCROOT}/Pods/Pods-OmazingTests-resources.sh\"\n";
		};
/* End PBXShellScriptBuildPhase section */

/* Begin PBXSourcesBuildPhase section */
		C38C2AAF15373F2F00424A0D /* Sources */ = {
			isa = PBXSourcesBuildPhase;
			buildActionMask = 2147483647;
			files = (
				C38C2AC615373F2F00424A0D /* Omazing.m in Sources */,
				C38C2AED1537416C00424A0D /* NSArray+Omazing.m in Sources */,
				C37B4091153A871D00AF4AFE /* NSString+Omazing.m in Sources */,
				C38BEDC7154BCC1A00076443 /* NSError+Omazing.m in Sources */,
				C35ADDAD1551095F005A0F49 /* NSURL+Omazing.m in Sources */,
				C37AE5651560EE6700A8943A /* OMZUtils.m in Sources */,
				C3438CA415D385A900434683 /* NSBundle+Omazing.m in Sources */,
				C3FCF70F160E20BF008AB2F0 /* NSThread+Omazing.m in Sources */,
				C3CBB3A3161F16460040E3E8 /* NSData+Omazing.m in Sources */,
			);
			runOnlyForDeploymentPostprocessing = 0;
		};
		C38C2AC715373F2F00424A0D /* Sources */ = {
			isa = PBXSourcesBuildPhase;
			buildActionMask = 2147483647;
			files = (
				C3438CBC15D3870400434683 /* NSArray+OmazingTests.m in Sources */,
				C3438CBE15D38A6600434683 /* NSString+OmazingTests.m in Sources */,
				C3438CDD15D4050E00434683 /* NSURL+OmazingTests.m in Sources */,
				C3267D4915D9146000DF1923 /* NSBundle+OmazingTests.m in Sources */,
				C3FCF715160EBC62008AB2F0 /* NSThread+OmazingTests.m in Sources */,
			);
			runOnlyForDeploymentPostprocessing = 0;
		};
/* End PBXSourcesBuildPhase section */

/* Begin PBXTargetDependency section */
		C38C2AD115373F2F00424A0D /* PBXTargetDependency */ = {
			isa = PBXTargetDependency;
			target = C38C2AB315373F2F00424A0D /* Omazing */;
			targetProxy = C38C2AD015373F2F00424A0D /* PBXContainerItemProxy */;
		};
/* End PBXTargetDependency section */

/* Begin PBXVariantGroup section */
		C3267D3115D90FFD00DF1923 /* Localizable.strings */ = {
			isa = PBXVariantGroup;
			children = (
				C3267D3215D90FFD00DF1923 /* en */,
			);
			name = Localizable.strings;
			sourceTree = "<group>";
		};
		C38C2AC015373F2F00424A0D /* InfoPlist.strings */ = {
			isa = PBXVariantGroup;
			children = (
				C38C2AC115373F2F00424A0D /* en */,
			);
			name = InfoPlist.strings;
			sourceTree = "<group>";
		};
		C38C2AD615373F2F00424A0D /* InfoPlist.strings */ = {
			isa = PBXVariantGroup;
			children = (
				C38C2AD715373F2F00424A0D /* en */,
			);
			name = InfoPlist.strings;
			sourceTree = "<group>";
		};
/* End PBXVariantGroup section */

/* Begin XCBuildConfiguration section */
		C38C2ADC15373F2F00424A0D /* Debug */ = {
			isa = XCBuildConfiguration;
			buildSettings = {
				ALWAYS_SEARCH_USER_PATHS = NO;
				ARCHS = "$(ARCHS_STANDARD_64_BIT)";
				COPY_PHASE_STRIP = NO;
				GCC_C_LANGUAGE_STANDARD = gnu99;
				GCC_DYNAMIC_NO_PIC = NO;
				GCC_ENABLE_OBJC_EXCEPTIONS = YES;
				GCC_OPTIMIZATION_LEVEL = 0;
				GCC_PREPROCESSOR_DEFINITIONS = (
					"DEBUG=1",
					"$(inherited)",
				);
				GCC_SYMBOLS_PRIVATE_EXTERN = NO;
				GCC_VERSION = com.apple.compilers.llvm.clang.1_0;
				GCC_WARN_64_TO_32_BIT_CONVERSION = YES;
				GCC_WARN_ABOUT_RETURN_TYPE = YES;
				GCC_WARN_UNINITIALIZED_AUTOS = YES;
				GCC_WARN_UNUSED_VARIABLE = YES;
				MACOSX_DEPLOYMENT_TARGET = 10.7;
				ONLY_ACTIVE_ARCH = YES;
				RUN_CLANG_STATIC_ANALYZER = YES;
				SDKROOT = macosx;
			};
			name = Debug;
		};
		C38C2ADD15373F2F00424A0D /* Release */ = {
			isa = XCBuildConfiguration;
			buildSettings = {
				ALWAYS_SEARCH_USER_PATHS = NO;
				ARCHS = "$(ARCHS_STANDARD_64_BIT)";
				COPY_PHASE_STRIP = YES;
				DEBUG_INFORMATION_FORMAT = "dwarf-with-dsym";
				GCC_C_LANGUAGE_STANDARD = gnu99;
				GCC_ENABLE_OBJC_EXCEPTIONS = YES;
				GCC_VERSION = com.apple.compilers.llvm.clang.1_0;
				GCC_WARN_64_TO_32_BIT_CONVERSION = YES;
				GCC_WARN_ABOUT_RETURN_TYPE = YES;
				GCC_WARN_UNINITIALIZED_AUTOS = YES;
				GCC_WARN_UNUSED_VARIABLE = YES;
				MACOSX_DEPLOYMENT_TARGET = 10.7;
				RUN_CLANG_STATIC_ANALYZER = NO;
				SDKROOT = macosx;
			};
			name = Release;
		};
		C38C2ADF15373F2F00424A0D /* Debug */ = {
			isa = XCBuildConfiguration;
			baseConfigurationReference = 99FFF18D745E4EB9BF606919 /* Pods.xcconfig */;
			buildSettings = {
				COMBINE_HIDPI_IMAGES = YES;
				DYLIB_COMPATIBILITY_VERSION = 1;
				DYLIB_CURRENT_VERSION = 1;
				FRAMEWORK_VERSION = A;
				GCC_PRECOMPILE_PREFIX_HEADER = YES;
				GCC_PREFIX_HEADER = "Omazing/Omazing-Prefix.pch";
				INFOPLIST_FILE = "Omazing/Omazing-Info.plist";
				PRODUCT_NAME = "$(TARGET_NAME)";
				WRAPPER_EXTENSION = framework;
			};
			name = Debug;
		};
		C38C2AE015373F2F00424A0D /* Release */ = {
			isa = XCBuildConfiguration;
			baseConfigurationReference = 99FFF18D745E4EB9BF606919 /* Pods.xcconfig */;
			buildSettings = {
				COMBINE_HIDPI_IMAGES = YES;
				DYLIB_COMPATIBILITY_VERSION = 1;
				DYLIB_CURRENT_VERSION = 1;
				FRAMEWORK_VERSION = A;
				GCC_PRECOMPILE_PREFIX_HEADER = YES;
				GCC_PREFIX_HEADER = "Omazing/Omazing-Prefix.pch";
				INFOPLIST_FILE = "Omazing/Omazing-Info.plist";
				PRODUCT_NAME = "$(TARGET_NAME)";
				WRAPPER_EXTENSION = framework;
			};
			name = Release;
		};
		C38C2AE215373F2F00424A0D /* Debug */ = {
			isa = XCBuildConfiguration;
			baseConfigurationReference = 7BF8A5090E1248EDAF494D63 /* Pods-OmazingTests.xcconfig */;
			buildSettings = {
				COMBINE_HIDPI_IMAGES = YES;
				FRAMEWORK_SEARCH_PATHS = "$(DEVELOPER_LIBRARY_DIR)/Frameworks";
				GCC_PRECOMPILE_PREFIX_HEADER = YES;
				GCC_PREFIX_HEADER = "Omazing/Omazing-Prefix.pch";
				INFOPLIST_FILE = "OmazingTests/OmazingTests-Info.plist";
				PRODUCT_NAME = "$(TARGET_NAME)";
				WRAPPER_EXTENSION = octest;
			};
			name = Debug;
		};
		C38C2AE315373F2F00424A0D /* Release */ = {
			isa = XCBuildConfiguration;
			baseConfigurationReference = 7BF8A5090E1248EDAF494D63 /* Pods-OmazingTests.xcconfig */;
			buildSettings = {
				COMBINE_HIDPI_IMAGES = YES;
				FRAMEWORK_SEARCH_PATHS = "$(DEVELOPER_LIBRARY_DIR)/Frameworks";
				GCC_PRECOMPILE_PREFIX_HEADER = YES;
				GCC_PREFIX_HEADER = "Omazing/Omazing-Prefix.pch";
				INFOPLIST_FILE = "OmazingTests/OmazingTests-Info.plist";
				PRODUCT_NAME = "$(TARGET_NAME)";
				WRAPPER_EXTENSION = octest;
			};
			name = Release;
		};
/* End XCBuildConfiguration section */

/* Begin XCConfigurationList section */
		C38C2AAD15373F2F00424A0D /* Build configuration list for PBXProject "Omazing" */ = {
			isa = XCConfigurationList;
			buildConfigurations = (
				C38C2ADC15373F2F00424A0D /* Debug */,
				C38C2ADD15373F2F00424A0D /* Release */,
			);
			defaultConfigurationIsVisible = 0;
			defaultConfigurationName = Release;
		};
		C38C2ADE15373F2F00424A0D /* Build configuration list for PBXNativeTarget "Omazing" */ = {
			isa = XCConfigurationList;
			buildConfigurations = (
				C38C2ADF15373F2F00424A0D /* Debug */,
				C38C2AE015373F2F00424A0D /* Release */,
			);
			defaultConfigurationIsVisible = 0;
			defaultConfigurationName = Release;
		};
		C38C2AE115373F2F00424A0D /* Build configuration list for PBXNativeTarget "OmazingTests" */ = {
			isa = XCConfigurationList;
			buildConfigurations = (
				C38C2AE215373F2F00424A0D /* Debug */,
				C38C2AE315373F2F00424A0D /* Release */,
			);
			defaultConfigurationIsVisible = 0;
			defaultConfigurationName = Release;
		};
/* End XCConfigurationList section */
	};
	rootObject = C38C2AAA15373F2F00424A0D /* Project object */;
}
